
Microsoft Visual Studio Solution File, Format Version 12.00
# Visual Studio 15
VisualStudioVersion = 15.0.27428.2015
MinimumVisualStudioVersion = 10.0.40219.1
Project("{FAE04EC0-301F-11D3-BF4B-00C04F79EFBC}") = "aspnetmvclifecycle", "aspnetmvclifecycle\aspnetmvclifecycle.csproj", "{70C6928D-E3CF-4F26-A3DC-797F2BC5CB6E}"
EndProject
Global
	GlobalSection(SolutionConfigurationPlatforms) = preSolution
		Debug|Any CPU = Debug|Any CPU
		Release|Any CPU = Release|Any CPU
	EndGlobalSection
	GlobalSection(ProjectConfigurationPlatforms) = postSolution
		{70C6928D-E3CF-4F26-A3DC-797F2BC5CB6E}.Debug|Any CPU.ActiveCfg = Debug|Any CPU
		{70C6928D-E3CF-4F26-A3DC-797F2BC5CB6E}.Debug|Any CPU.Build.0 = Debug|Any CPU
		{70C6928D-E3CF-4F26-A3DC-797F2BC5CB6E}.Release|Any CPU.ActiveCfg = Release|Any CPU
		{70C6928D-E3CF-4F26-A3DC-797F2BC5CB6E}.Release|Any CPU.Build.0 = Release|Any CPU
	EndGlobalSection
	GlobalSection(SolutionProperties) = preSolution
		HideSolutionNode = FALSE
	EndGlobalSection
	GlobalSection(ExtensibilityGlobals) = postSolution
		SolutionGuid = {61104C23-5AF8-41C6-A7AD-F1F746B4DC82}
	EndGlobalSection
EndGlobal
